
Microsoft Visual Studio Solution File, Format Version 12.00
Project("{FAE04EC0-301F-11D3-BF4B-00C04F79EFBC}") = "Switchly.API", "Switchly.API\Switchly.API.csproj", "{34DFBE68-5AE5-43FE-B1AF-00F8ADAB1E22}"
EndProject
Project("{FAE04EC0-301F-11D3-BF4B-00C04F79EFBC}") = "Switchly.Domain", "Switchly.Domain\Switchly.Domain.csproj", "{2B73937D-0896-47D3-A024-D1BF45CCA891}"
EndProject
Project("{FAE04EC0-301F-11D3-BF4B-00C04F79EFBC}") = "Switchly.Persistence", "Switchly.Persistence\Switchly.Persistence.csproj", "{D52503A7-7699-47E0-9813-2F7300B26653}"
EndProject
Project("{2150E333-8FDC-42A3-9474-1A3956D46DE8}") = "Solution Items", "Solution Items", "{435C8C79-CFB9-4463-99A9-19EF8CC45A8E}"
	ProjectSection(SolutionItems) = preProject
		compose.yaml = compose.yaml
	EndProjectSection
EndProject
Project("{FAE04EC0-301F-11D3-BF4B-00C04F79EFBC}") = "Switchly.Application", "Switchly.Application\Switchly.Application.csproj", "{6175E87C-CE4F-489E-A6BB-8F008F1BEDBF}"
EndProject
Project("{FAE04EC0-301F-11D3-BF4B-00C04F79EFBC}") = "Switchly.Infrastructure", "Switchly.Infrastructure\Switchly.Infrastructure.csproj", "{8CCA605F-8D0D-411C-AA3B-310A9BD49073}"
EndProject
Project("{FAE04EC0-301F-11D3-BF4B-00C04F79EFBC}") = "Switchly.Shared", "Switchly.Shared\Switchly.Shared.csproj", "{9D46F74E-E667-4A3A-B3F3-1C3E14978CC4}"
EndProject
Project("{FAE04EC0-301F-11D3-BF4B-00C04F79EFBC}") = "RedisWorker", "RedisWorker\RedisWorker.csproj", "{75556EF1-B591-484C-B0BC-A7378382B2BC}"
EndProject
Global
	GlobalSection(SolutionConfigurationPlatforms) = preSolution
		Debug|Any CPU = Debug|Any CPU
		Release|Any CPU = Release|Any CPU
	EndGlobalSection
	GlobalSection(ProjectConfigurationPlatforms) = postSolution
		{34DFBE68-5AE5-43FE-B1AF-00F8ADAB1E22}.Debug|Any CPU.ActiveCfg = Debug|Any CPU
		{34DFBE68-5AE5-43FE-B1AF-00F8ADAB1E22}.Debug|Any CPU.Build.0 = Debug|Any CPU
		{34DFBE68-5AE5-43FE-B1AF-00F8ADAB1E22}.Release|Any CPU.ActiveCfg = Release|Any CPU
		{34DFBE68-5AE5-43FE-B1AF-00F8ADAB1E22}.Release|Any CPU.Build.0 = Release|Any CPU
		{2B73937D-0896-47D3-A024-D1BF45CCA891}.Debug|Any CPU.ActiveCfg = Debug|Any CPU
		{2B73937D-0896-47D3-A024-D1BF45CCA891}.Debug|Any CPU.Build.0 = Debug|Any CPU
		{2B73937D-0896-47D3-A024-D1BF45CCA891}.Release|Any CPU.ActiveCfg = Release|Any CPU
		{2B73937D-0896-47D3-A024-D1BF45CCA891}.Release|Any CPU.Build.0 = Release|Any CPU
		{D52503A7-7699-47E0-9813-2F7300B26653}.Debug|Any CPU.ActiveCfg = Debug|Any CPU
		{D52503A7-7699-47E0-9813-2F7300B26653}.Debug|Any CPU.Build.0 = Debug|Any CPU
		{D52503A7-7699-47E0-9813-2F7300B26653}.Release|Any CPU.ActiveCfg = Release|Any CPU
		{D52503A7-7699-47E0-9813-2F7300B26653}.Release|Any CPU.Build.0 = Release|Any CPU
		{6175E87C-CE4F-489E-A6BB-8F008F1BEDBF}.Debug|Any CPU.ActiveCfg = Debug|Any CPU
		{6175E87C-CE4F-489E-A6BB-8F008F1BEDBF}.Debug|Any CPU.Build.0 = Debug|Any CPU
		{6175E87C-CE4F-489E-A6BB-8F008F1BEDBF}.Release|Any CPU.ActiveCfg = Release|Any CPU
		{6175E87C-CE4F-489E-A6BB-8F008F1BEDBF}.Release|Any CPU.Build.0 = Release|Any CPU
		{8CCA605F-8D0D-411C-AA3B-310A9BD49073}.Debug|Any CPU.ActiveCfg = Debug|Any CPU
		{8CCA605F-8D0D-411C-AA3B-310A9BD49073}.Debug|Any CPU.Build.0 = Debug|Any CPU
		{8CCA605F-8D0D-411C-AA3B-310A9BD49073}.Release|Any CPU.ActiveCfg = Release|Any CPU
		{8CCA605F-8D0D-411C-AA3B-310A9BD49073}.Release|Any CPU.Build.0 = Release|Any CPU
		{9D46F74E-E667-4A3A-B3F3-1C3E14978CC4}.Debug|Any CPU.ActiveCfg = Debug|Any CPU
		{9D46F74E-E667-4A3A-B3F3-1C3E14978CC4}.Debug|Any CPU.Build.0 = Debug|Any CPU
		{9D46F74E-E667-4A3A-B3F3-1C3E14978CC4}.Release|Any CPU.ActiveCfg = Release|Any CPU
		{9D46F74E-E667-4A3A-B3F3-1C3E14978CC4}.Release|Any CPU.Build.0 = Release|Any CPU
		{75556EF1-B591-484C-B0BC-A7378382B2BC}.Debug|Any CPU.ActiveCfg = Debug|Any CPU
		{75556EF1-B591-484C-B0BC-A7378382B2BC}.Debug|Any CPU.Build.0 = Debug|Any CPU
		{75556EF1-B591-484C-B0BC-A7378382B2BC}.Release|Any CPU.ActiveCfg = Release|Any CPU
		{75556EF1-B591-484C-B0BC-A7378382B2BC}.Release|Any CPU.Build.0 = Release|Any CPU
	EndGlobalSection
	GlobalSection(NestedProjects) = preSolution
	EndGlobalSection
EndGlobal
